
Microsoft Visual Studio Solution File, Format Version 12.00
# Visual Studio Version 16
VisualStudioVersion = 16.0.29509.3
MinimumVisualStudioVersion = 10.0.40219.1
Project("{FAE04EC0-301F-11D3-BF4B-00C04F79EFBC}") = "lab06", "lab06\lab06.csproj", "{6E07FC70-E371-4FEF-9866-54B1C5D4118C}"
EndProject
Project("{FAE04EC0-301F-11D3-BF4B-00C04F79EFBC}") = "lab06lib", "lab06lib\lab06lib.csproj", "{A555C0A2-4885-4B3D-AB69-35404734D02E}"
EndProject
Global
	GlobalSection(SolutionConfigurationPlatforms) = preSolution
		Debug|Any CPU = Debug|Any CPU
		Release|Any CPU = Release|Any CPU
	EndGlobalSection
	GlobalSection(ProjectConfigurationPlatforms) = postSolution
		{6E07FC70-E371-4FEF-9866-54B1C5D4118C}.Debug|Any CPU.ActiveCfg = Debug|Any CPU
		{6E07FC70-E371-4FEF-9866-54B1C5D4118C}.Debug|Any CPU.Build.0 = Debug|Any CPU
		{6E07FC70-E371-4FEF-9866-54B1C5D4118C}.Release|Any CPU.ActiveCfg = Release|Any CPU
		{6E07FC70-E371-4FEF-9866-54B1C5D4118C}.Release|Any CPU.Build.0 = Release|Any CPU
		{A555C0A2-4885-4B3D-AB69-35404734D02E}.Debug|Any CPU.ActiveCfg = Debug|Any CPU
		{A555C0A2-4885-4B3D-AB69-35404734D02E}.Debug|Any CPU.Build.0 = Debug|Any CPU
		{A555C0A2-4885-4B3D-AB69-35404734D02E}.Release|Any CPU.ActiveCfg = Release|Any CPU
		{A555C0A2-4885-4B3D-AB69-35404734D02E}.Release|Any CPU.Build.0 = Release|Any CPU
	EndGlobalSection
	GlobalSection(SolutionProperties) = preSolution
		HideSolutionNode = FALSE
	EndGlobalSection
	GlobalSection(ExtensibilityGlobals) = postSolution
		SolutionGuid = {7F522E03-096D-45B3-A594-737FF1138BE5}
	EndGlobalSection
EndGlobal
